
Microsoft Visual Studio Solution File, Format Version 12.00
# Visual Studio Version 17
VisualStudioVersion = 17.0.31903.59
MinimumVisualStudioVersion = 10.0.40219.1
Project("{2150E333-8FDC-42A3-9474-1A3956D46DE8}") = "src", "src", "{827E0CD3-B72D-47B6-A68D-7590B98EB39B}"
EndProject
Project("{FAE04EC0-301F-11D3-BF4B-00C04F79EFBC}") = "CommonWebApi.Api", "src\CommonWebApi.Api\CommonWebApi.Api.csproj", "{6B4FED99-67D8-47FA-AE8C-BDFAF85C0028}"
EndProject
Project("{FAE04EC0-301F-11D3-BF4B-00C04F79EFBC}") = "CommonWebApi.Application", "src\CommonWebApi.Application\CommonWebApi.Application.csproj", "{5637AEE7-BFB4-4B8D-ACA2-E53BF27FC82E}"
EndProject
Project("{FAE04EC0-301F-11D3-BF4B-00C04F79EFBC}") = "CommonWebApi.Domain", "src\CommonWebApi.Domain\CommonWebApi.Domain.csproj", "{7489A29B-99CC-4FF8-B99D-7A050C78340A}"
EndProject
Project("{FAE04EC0-301F-11D3-BF4B-00C04F79EFBC}") = "CommonWebApi.Contracts", "src\CommonWebApi.Contracts\CommonWebApi.Contracts.csproj", "{56FFAB37-D6B9-4146-8C38-F866D20C90D5}"
EndProject
Project("{FAE04EC0-301F-11D3-BF4B-00C04F79EFBC}") = "CommonWebApi.Infrastructure", "src\CommonWebApi.Infrastructure\CommonWebApi.Infrastructure.csproj", "{1225711C-9026-4381-8446-A0F283B6323B}"
EndProject
Project("{2150E333-8FDC-42A3-9474-1A3956D46DE8}") = "tests", "tests", "{0AB3BF05-4346-4AA6-1389-037BE0695223}"
EndProject
Project("{FAE04EC0-301F-11D3-BF4B-00C04F79EFBC}") = "CommonWebApi.UnitTests", "tests\CommonWebApi.UnitTests\CommonWebApi.UnitTests.csproj", "{F8EA44B6-8105-4933-85C5-A72CFBB84319}"
EndProject
Project("{FAE04EC0-301F-11D3-BF4B-00C04F79EFBC}") = "CommonWebApi.IntegrationTests", "tests\CommonWebApi.IntegrationTests\CommonWebApi.IntegrationTests.csproj", "{4443E90D-A1EA-45D1-8761-EF92401784F3}"
EndProject
Global
	GlobalSection(SolutionConfigurationPlatforms) = preSolution
		Debug|Any CPU = Debug|Any CPU
		Debug|x64 = Debug|x64
		Debug|x86 = Debug|x86
		Release|Any CPU = Release|Any CPU
		Release|x64 = Release|x64
		Release|x86 = Release|x86
	EndGlobalSection
	GlobalSection(ProjectConfigurationPlatforms) = postSolution
		{6B4FED99-67D8-47FA-AE8C-BDFAF85C0028}.Debug|Any CPU.ActiveCfg = Debug|Any CPU
		{6B4FED99-67D8-47FA-AE8C-BDFAF85C0028}.Debug|Any CPU.Build.0 = Debug|Any CPU
		{6B4FED99-67D8-47FA-AE8C-BDFAF85C0028}.Debug|x64.ActiveCfg = Debug|Any CPU
		{6B4FED99-67D8-47FA-AE8C-BDFAF85C0028}.Debug|x64.Build.0 = Debug|Any CPU
		{6B4FED99-67D8-47FA-AE8C-BDFAF85C0028}.Debug|x86.ActiveCfg = Debug|Any CPU
		{6B4FED99-67D8-47FA-AE8C-BDFAF85C0028}.Debug|x86.Build.0 = Debug|Any CPU
		{6B4FED99-67D8-47FA-AE8C-BDFAF85C0028}.Release|Any CPU.ActiveCfg = Release|Any CPU
		{6B4FED99-67D8-47FA-AE8C-BDFAF85C0028}.Release|Any CPU.Build.0 = Release|Any CPU
		{6B4FED99-67D8-47FA-AE8C-BDFAF85C0028}.Release|x64.ActiveCfg = Release|Any CPU
		{6B4FED99-67D8-47FA-AE8C-BDFAF85C0028}.Release|x64.Build.0 = Release|Any CPU
		{6B4FED99-67D8-47FA-AE8C-BDFAF85C0028}.Release|x86.ActiveCfg = Release|Any CPU
		{6B4FED99-67D8-47FA-AE8C-BDFAF85C0028}.Release|x86.Build.0 = Release|Any CPU
		{5637AEE7-BFB4-4B8D-ACA2-E53BF27FC82E}.Debug|Any CPU.ActiveCfg = Debug|Any CPU
		{5637AEE7-BFB4-4B8D-ACA2-E53BF27FC82E}.Debug|Any CPU.Build.0 = Debug|Any CPU
		{5637AEE7-BFB4-4B8D-ACA2-E53BF27FC82E}.Debug|x64.ActiveCfg = Debug|Any CPU
		{5637AEE7-BFB4-4B8D-ACA2-E53BF27FC82E}.Debug|x64.Build.0 = Debug|Any CPU
		{5637AEE7-BFB4-4B8D-ACA2-E53BF27FC82E}.Debug|x86.ActiveCfg = Debug|Any CPU
		{5637AEE7-BFB4-4B8D-ACA2-E53BF27FC82E}.Debug|x86.Build.0 = Debug|Any CPU
		{5637AEE7-BFB4-4B8D-ACA2-E53BF27FC82E}.Release|Any CPU.ActiveCfg = Release|Any CPU
		{5637AEE7-BFB4-4B8D-ACA2-E53BF27FC82E}.Release|Any CPU.Build.0 = Release|Any CPU
		{5637AEE7-BFB4-4B8D-ACA2-E53BF27FC82E}.Release|x64.ActiveCfg = Release|Any CPU
		{5637AEE7-BFB4-4B8D-ACA2-E53BF27FC82E}.Release|x64.Build.0 = Release|Any CPU
		{5637AEE7-BFB4-4B8D-ACA2-E53BF27FC82E}.Release|x86.ActiveCfg = Release|Any CPU
		{5637AEE7-BFB4-4B8D-ACA2-E53BF27FC82E}.Release|x86.Build.0 = Release|Any CPU
		{7489A29B-99CC-4FF8-B99D-7A050C78340A}.Debug|Any CPU.ActiveCfg = Debug|Any CPU
		{7489A29B-99CC-4FF8-B99D-7A050C78340A}.Debug|Any CPU.Build.0 = Debug|Any CPU
		{7489A29B-99CC-4FF8-B99D-7A050C78340A}.Debug|x64.ActiveCfg = Debug|Any CPU
		{7489A29B-99CC-4FF8-B99D-7A050C78340A}.Debug|x64.Build.0 = Debug|Any CPU
		{7489A29B-99CC-4FF8-B99D-7A050C78340A}.Debug|x86.ActiveCfg = Debug|Any CPU
		{7489A29B-99CC-4FF8-B99D-7A050C78340A}.Debug|x86.Build.0 = Debug|Any CPU
		{7489A29B-99CC-4FF8-B99D-7A050C78340A}.Release|Any CPU.ActiveCfg = Release|Any CPU
		{7489A29B-99CC-4FF8-B99D-7A050C78340A}.Release|Any CPU.Build.0 = Release|Any CPU
		{7489A29B-99CC-4FF8-B99D-7A050C78340A}.Release|x64.ActiveCfg = Release|Any CPU
		{7489A29B-99CC-4FF8-B99D-7A050C78340A}.Release|x64.Build.0 = Release|Any CPU
		{7489A29B-99CC-4FF8-B99D-7A050C78340A}.Release|x86.ActiveCfg = Release|Any CPU
		{7489A29B-99CC-4FF8-B99D-7A050C78340A}.Release|x86.Build.0 = Release|Any CPU
		{56FFAB37-D6B9-4146-8C38-F866D20C90D5}.Debug|Any CPU.ActiveCfg = Debug|Any CPU
		{56FFAB37-D6B9-4146-8C38-F866D20C90D5}.Debug|Any CPU.Build.0 = Debug|Any CPU
		{56FFAB37-D6B9-4146-8C38-F866D20C90D5}.Debug|x64.ActiveCfg = Debug|Any CPU
		{56FFAB37-D6B9-4146-8C38-F866D20C90D5}.Debug|x64.Build.0 = Debug|Any CPU
		{56FFAB37-D6B9-4146-8C38-F866D20C90D5}.Debug|x86.ActiveCfg = Debug|Any CPU
		{56FFAB37-D6B9-4146-8C38-F866D20C90D5}.Debug|x86.Build.0 = Debug|Any CPU
		{56FFAB37-D6B9-4146-8C38-F866D20C90D5}.Release|Any CPU.ActiveCfg = Release|Any CPU
		{56FFAB37-D6B9-4146-8C38-F866D20C90D5}.Release|Any CPU.Build.0 = Release|Any CPU
		{56FFAB37-D6B9-4146-8C38-F866D20C90D5}.Release|x64.ActiveCfg = Release|Any CPU
		{56FFAB37-D6B9-4146-8C38-F866D20C90D5}.Release|x64.Build.0 = Release|Any CPU
		{56FFAB37-D6B9-4146-8C38-F866D20C90D5}.Release|x86.ActiveCfg = Release|Any CPU
		{56FFAB37-D6B9-4146-8C38-F866D20C90D5}.Release|x86.Build.0 = Release|Any CPU
		{1225711C-9026-4381-8446-A0F283B6323B}.Debug|Any CPU.ActiveCfg = Debug|Any CPU
		{1225711C-9026-4381-8446-A0F283B6323B}.Debug|Any CPU.Build.0 = Debug|Any CPU
		{1225711C-9026-4381-8446-A0F283B6323B}.Debug|x64.ActiveCfg = Debug|Any CPU
		{1225711C-9026-4381-8446-A0F283B6323B}.Debug|x64.Build.0 = Debug|Any CPU
		{1225711C-9026-4381-8446-A0F283B6323B}.Debug|x86.ActiveCfg = Debug|Any CPU
		{1225711C-9026-4381-8446-A0F283B6323B}.Debug|x86.Build.0 = Debug|Any CPU
		{1225711C-9026-4381-8446-A0F283B6323B}.Release|Any CPU.ActiveCfg = Release|Any CPU
		{1225711C-9026-4381-8446-A0F283B6323B}.Release|Any CPU.Build.0 = Release|Any CPU
		{1225711C-9026-4381-8446-A0F283B6323B}.Release|x64.ActiveCfg = Release|Any CPU
		{1225711C-9026-4381-8446-A0F283B6323B}.Release|x64.Build.0 = Release|Any CPU
		{1225711C-9026-4381-8446-A0F283B6323B}.Release|x86.ActiveCfg = Release|Any CPU
		{1225711C-9026-4381-8446-A0F283B6323B}.Release|x86.Build.0 = Release|Any CPU
		{F8EA44B6-8105-4933-85C5-A72CFBB84319}.Debug|Any CPU.ActiveCfg = Debug|Any CPU
		{F8EA44B6-8105-4933-85C5-A72CFBB84319}.Debug|Any CPU.Build.0 = Debug|Any CPU
		{F8EA44B6-8105-4933-85C5-A72CFBB84319}.Debug|x64.ActiveCfg = Debug|Any CPU
		{F8EA44B6-8105-4933-85C5-A72CFBB84319}.Debug|x64.Build.0 = Debug|Any CPU
		{F8EA44B6-8105-4933-85C5-A72CFBB84319}.Debug|x86.ActiveCfg = Debug|Any CPU
		{F8EA44B6-8105-4933-85C5-A72CFBB84319}.Debug|x86.Build.0 = Debug|Any CPU
		{F8EA44B6-8105-4933-85C5-A72CFBB84319}.Release|Any CPU.ActiveCfg = Release|Any CPU
		{F8EA44B6-8105-4933-85C5-A72CFBB84319}.Release|Any CPU.Build.0 = Release|Any CPU
		{F8EA44B6-8105-4933-85C5-A72CFBB84319}.Release|x64.ActiveCfg = Release|Any CPU
		{F8EA44B6-8105-4933-85C5-A72CFBB84319}.Release|x64.Build.0 = Release|Any CPU
		{F8EA44B6-8105-4933-85C5-A72CFBB84319}.Release|x86.ActiveCfg = Release|Any CPU
		{F8EA44B6-8105-4933-85C5-A72CFBB84319}.Release|x86.Build.0 = Release|Any CPU
		{4443E90D-A1EA-45D1-8761-EF92401784F3}.Debug|Any CPU.ActiveCfg = Debug|Any CPU
		{4443E90D-A1EA-45D1-8761-EF92401784F3}.Debug|Any CPU.Build.0 = Debug|Any CPU
		{4443E90D-A1EA-45D1-8761-EF92401784F3}.Debug|x64.ActiveCfg = Debug|Any CPU
		{4443E90D-A1EA-45D1-8761-EF92401784F3}.Debug|x64.Build.0 = Debug|Any CPU
		{4443E90D-A1EA-45D1-8761-EF92401784F3}.Debug|x86.ActiveCfg = Debug|Any CPU
		{4443E90D-A1EA-45D1-8761-EF92401784F3}.Debug|x86.Build.0 = Debug|Any CPU
		{4443E90D-A1EA-45D1-8761-EF92401784F3}.Release|Any CPU.ActiveCfg = Release|Any CPU
		{4443E90D-A1EA-45D1-8761-EF92401784F3}.Release|Any CPU.Build.0 = Release|Any CPU
		{4443E90D-A1EA-45D1-8761-EF92401784F3}.Release|x64.ActiveCfg = Release|Any CPU
		{4443E90D-A1EA-45D1-8761-EF92401784F3}.Release|x64.Build.0 = Release|Any CPU
		{4443E90D-A1EA-45D1-8761-EF92401784F3}.Release|x86.ActiveCfg = Release|Any CPU
		{4443E90D-A1EA-45D1-8761-EF92401784F3}.Release|x86.Build.0 = Release|Any CPU
	EndGlobalSection
	GlobalSection(SolutionProperties) = preSolution
		HideSolutionNode = FALSE
	EndGlobalSection
	GlobalSection(NestedProjects) = preSolution
		{6B4FED99-67D8-47FA-AE8C-BDFAF85C0028} = {827E0CD3-B72D-47B6-A68D-7590B98EB39B}
		{5637AEE7-BFB4-4B8D-ACA2-E53BF27FC82E} = {827E0CD3-B72D-47B6-A68D-7590B98EB39B}
		{7489A29B-99CC-4FF8-B99D-7A050C78340A} = {827E0CD3-B72D-47B6-A68D-7590B98EB39B}
		{56FFAB37-D6B9-4146-8C38-F866D20C90D5} = {827E0CD3-B72D-47B6-A68D-7590B98EB39B}
		{1225711C-9026-4381-8446-A0F283B6323B} = {827E0CD3-B72D-47B6-A68D-7590B98EB39B}
		{F8EA44B6-8105-4933-85C5-A72CFBB84319} = {0AB3BF05-4346-4AA6-1389-037BE0695223}
		{4443E90D-A1EA-45D1-8761-EF92401784F3} = {0AB3BF05-4346-4AA6-1389-037BE0695223}
	EndGlobalSection
EndGlobal

